<?xml version="1.0" encoding="utf-8"?>
<Project ToolsVersion="4.0" xmlns="http://schemas.microsoft.com/developer/msbuild/2003">
  <ItemGroup>
    <Filter Include="源文件">
      <UniqueIdentifier>{4FC737F1-C7A5-4376-A066-2A32D752A2FF}</UniqueIdentifier>
      <Extensions>cpp;c;cc;cxx;def;odl;idl;hpj;bat;asm;asmx</Extensions>
    </Filter>
    <Filter Include="头文件">
      <UniqueIdentifier>{93995380-89BD-4b04-88EB-625FBE52EBFB}</UniqueIdentifier>
      <Extensions>h;hh;hpp;hxx;hm;inl;inc;ipp;xsd</Extensions>
    </Filter>
    <Filter Include="资源文件">
      <UniqueIdentifier>{67DA6AB6-F800-4c08-8B7A-83BB121AAD01}</UniqueIdentifier>
      <Extensions>rc;ico;cur;bmp;dlg;rc2;rct;bin;rgs;gif;jpg;jpeg;jpe;resx;tiff;tif;png;wav;mfcribbon-ms</Extensions>
    </Filter>
  </ItemGroup>
  <ItemGroup>
    <ClCompile Include="源.cpp">
      <Filter>源文件</Filter>
    </ClCompile>
  </ItemGroup>
  <ItemGroup>
    <Image Include="12.png">
      <Filter>资源文件</Filter>
    </Image>
    <Image Include="13.png">
      <Filter>资源文件</Filter>
    </Image>
    <Image Include="14.png">
      <Filter>资源文件</Filter>
    </Image>
    <Image Include="15.png">
      <Filter>资源文件</Filter>
    </Image>
    <Image Include="16.png">
      <Filter>资源文件</Filter>
    </Image>
    <Image Include="17.png">
      <Filter>资源文件</Filter>
    </Image>
    <Image Include="18.png">
      <Filter>资源文件</Filter>
    </Image>
    <Image Include="19.png">
      <Filter>资源文件</Filter>
    </Image>
    <Image Include="20.png">
      <Filter>资源文件</Filter>
    </Image>
    <Image Include="21.png">
      <Filter>资源文件</Filter>
    </Image>
    <Image Include="22.png">
      <Filter>资源文件</Filter>
    </Image>
    <Image Include="23.png">
      <Filter>资源文件</Filter>
    </Image>
    <Image Include="24.png">
      <Filter>资源文件</Filter>
    </Image>
    <Image Include="25.png">
      <Filter>资源文件</Filter>
    </Image>
    <Image Include="26.png">
      <Filter>资源文件</Filter>
    </Image>
    <Image Include="27.png">
      <Filter>资源文件</Filter>
    </Image>
    <Image Include="28.png">
      <Filter>资源文件</Filter>
    </Image>
    <Image Include="29.png">
      <Filter>资源文件</Filter>
    </Image>
    <Image Include="30.png">
      <Filter>资源文件</Filter>
    </Image>
    <Image Include="31.png">
      <Filter>资源文件</Filter>
    </Image>
    <Image Include="32.png">
      <Filter>资源文件</Filter>
    </Image>
    <Image Include="33.png">
      <Filter>资源文件</Filter>
    </Image>
    <Image Include="34.png">
      <Filter>资源文件</Filter>
    </Image>
    <Image Include="35.png">
      <Filter>资源文件</Filter>
    </Image>
    <Image Include="36.png">
      <Filter>资源文件</Filter>
    </Image>
    <Image Include="37.png">
      <Filter>资源文件</Filter>
    </Image>
    <Image Include="38.png">
      <Filter>资源文件</Filter>
    </Image>
    <Image Include="39.png">
      <Filter>资源文件</Filter>
    </Image>
    <Image Include="40.png">
      <Filter>资源文件</Filter>
    </Image>
    <Image Include="41.png">
      <Filter>资源文件</Filter>
    </Image>
    <Image Include="42.png">
      <Filter>资源文件</Filter>
    </Image>
    <Image Include="43.png">
      <Filter>资源文件</Filter>
    </Image>
    <Image Include="44.png">
      <Filter>资源文件</Filter>
    </Image>
    <Image Include="45.png">
      <Filter>资源文件</Filter>
    </Image>
    <Image Include="46.png">
      <Filter>资源文件</Filter>
    </Image>
    <Image Include="47.png">
      <Filter>资源文件</Filter>
    </Image>
    <Image Include="48.png">
      <Filter>资源文件</Filter>
    </Image>
    <Image Include="49.png">
      <Filter>资源文件</Filter>
    </Image>
    <Image Include="50.png">
      <Filter>资源文件</Filter>
    </Image>
    <Image Include="51.png">
      <Filter>资源文件</Filter>
    </Image>
    <Image Include="52.png">
      <Filter>资源文件</Filter>
    </Image>
    <Image Include="53.png">
      <Filter>资源文件</Filter>
    </Image>
    <Image Include="54.png">
      <Filter>资源文件</Filter>
    </Image>
    <Image Include="55.png">
      <Filter>资源文件</Filter>
    </Image>
    <Image Include="56.png">
      <Filter>资源文件</Filter>
    </Image>
    <Image Include="57.png">
      <Filter>资源文件</Filter>
    </Image>
    <Image Include="58.png">
      <Filter>资源文件</Filter>
    </Image>
    <Image Include="59.png">
      <Filter>资源文件</Filter>
    </Image>
    <Image Include="60.png">
      <Filter>资源文件</Filter>
    </Image>
    <Image Include="61.png">
      <Filter>资源文件</Filter>
    </Image>
    <Image Include="62.png">
      <Filter>资源文件</Filter>
    </Image>
    <Image Include="63.png">
      <Filter>资源文件</Filter>
    </Image>
    <Image Include="photo.png">
      <Filter>资源文件</Filter>
    </Image>
    <Image Include="规则4.jpg">
      <Filter>资源文件</Filter>
    </Image>
    <Image Include="碗.png">
      <Filter>资源文件</Filter>
    </Image>
    <Image Include="01.png">
      <Filter>资源文件</Filter>
    </Image>
    <Image Include="1.png">
      <Filter>资源文件</Filter>
    </Image>
    <Image Include="02.png">
      <Filter>资源文件</Filter>
    </Image>
    <Image Include="2.png">
      <Filter>资源文件</Filter>
    </Image>
    <Image Include="03.png">
      <Filter>资源文件</Filter>
    </Image>
    <Image Include="3.png">
      <Filter>资源文件</Filter>
    </Image>
    <Image Include="04.png">
      <Filter>资源文件</Filter>
    </Image>
    <Image Include="4.png">
      <Filter>资源文件</Filter>
    </Image>
    <Image Include="05.png">
      <Filter>资源文件</Filter>
    </Image>
    <Image Include="5.png">
      <Filter>资源文件</Filter>
    </Image>
    <Image Include="06.png">
      <Filter>资源文件</Filter>
    </Image>
    <Image Include="6.png">
      <Filter>资源文件</Filter>
    </Image>
    <Image Include="7.png">
      <Filter>资源文件</Filter>
    </Image>
    <Image Include="8.png">
      <Filter>资源文件</Filter>
    </Image>
    <Image Include="9.png">
      <Filter>资源文件</Filter>
    </Image>
    <Image Include="10.png">
      <Filter>资源文件</Filter>
    </Image>
    <Image Include="11.png">
      <Filter>资源文件</Filter>
    </Image>
    <Image Include="奖品.png">
      <Filter>资源文件</Filter>
    </Image>
  </ItemGroup>
</Project>